
Microsoft Visual Studio Solution File, Format Version 12.00
# Visual Studio Version 16
VisualStudioVersion = 16.0.30128.74
MinimumVisualStudioVersion = 10.0.40219.1
Project("{9A19103F-16F7-4668-BE54-9A1E7A4F7556}") = "LeetCodeSolutions", "LeetCodeSolutions\LeetCodeSolutions.csproj", "{FCACBCE9-E784-4187-BF52-21B343E60DCB}"
EndProject
Project("{FAE04EC0-301F-11D3-BF4B-00C04F79EFBC}") = "LeetCodeSolutionsTests", "LeetCodeSolutionsTests\LeetCodeSolutionsTests.csproj", "{DA3987CD-8D0D-47EF-8BC3-4BD32B0E0EAC}"
EndProject
Global
	GlobalSection(SolutionConfigurationPlatforms) = preSolution
		Debug|Any CPU = Debug|Any CPU
		Release|Any CPU = Release|Any CPU
	EndGlobalSection
	GlobalSection(ProjectConfigurationPlatforms) = postSolution
		{FCACBCE9-E784-4187-BF52-21B343E60DCB}.Debug|Any CPU.ActiveCfg = Debug|Any CPU
		{FCACBCE9-E784-4187-BF52-21B343E60DCB}.Debug|Any CPU.Build.0 = Debug|Any CPU
		{FCACBCE9-E784-4187-BF52-21B343E60DCB}.Release|Any CPU.ActiveCfg = Release|Any CPU
		{FCACBCE9-E784-4187-BF52-21B343E60DCB}.Release|Any CPU.Build.0 = Release|Any CPU
		{DA3987CD-8D0D-47EF-8BC3-4BD32B0E0EAC}.Debug|Any CPU.ActiveCfg = Debug|Any CPU
		{DA3987CD-8D0D-47EF-8BC3-4BD32B0E0EAC}.Debug|Any CPU.Build.0 = Debug|Any CPU
		{DA3987CD-8D0D-47EF-8BC3-4BD32B0E0EAC}.Release|Any CPU.ActiveCfg = Release|Any CPU
		{DA3987CD-8D0D-47EF-8BC3-4BD32B0E0EAC}.Release|Any CPU.Build.0 = Release|Any CPU
	EndGlobalSection
	GlobalSection(SolutionProperties) = preSolution
		HideSolutionNode = FALSE
	EndGlobalSection
	GlobalSection(ExtensibilityGlobals) = postSolution
		SolutionGuid = {5985AACB-7F48-4D50-B24E-8E7275D56B82}
	EndGlobalSection
EndGlobal
